
Microsoft Visual Studio Solution File, Format Version 12.00
# Visual Studio Version 16
VisualStudioVersion = 16.0.31729.503
MinimumVisualStudioVersion = 10.0.40219.1
Project("{FAE04EC0-301F-11D3-BF4B-00C04F79EFBC}") = "IBAN Checker", "IBAN Checker\IBAN Checker.csproj", "{34D17149-5882-40F9-945C-FF755ED652A9}"
EndProject
Global
	GlobalSection(SolutionConfigurationPlatforms) = preSolution
		Debug|Any CPU = Debug|Any CPU
		Debug|x64 = Debug|x64
		Release|Any CPU = Release|Any CPU
		Release|x64 = Release|x64
	EndGlobalSection
	GlobalSection(ProjectConfigurationPlatforms) = postSolution
		{34D17149-5882-40F9-945C-FF755ED652A9}.Debug|Any CPU.ActiveCfg = Debug|Any CPU
		{34D17149-5882-40F9-945C-FF755ED652A9}.Debug|Any CPU.Build.0 = Debug|Any CPU
		{34D17149-5882-40F9-945C-FF755ED652A9}.Debug|x64.ActiveCfg = Debug|x64
		{34D17149-5882-40F9-945C-FF755ED652A9}.Debug|x64.Build.0 = Debug|x64
		{34D17149-5882-40F9-945C-FF755ED652A9}.Release|Any CPU.ActiveCfg = Release|Any CPU
		{34D17149-5882-40F9-945C-FF755ED652A9}.Release|Any CPU.Build.0 = Release|Any CPU
		{34D17149-5882-40F9-945C-FF755ED652A9}.Release|x64.ActiveCfg = Release|x64
		{34D17149-5882-40F9-945C-FF755ED652A9}.Release|x64.Build.0 = Release|x64
	EndGlobalSection
	GlobalSection(SolutionProperties) = preSolution
		HideSolutionNode = FALSE
	EndGlobalSection
	GlobalSection(ExtensibilityGlobals) = postSolution
		SolutionGuid = {0C16B9C1-23A9-4FFE-B5E0-AF491FD1D984}
	EndGlobalSection
EndGlobal
